# THIS IS AN AUTOGENERATED FILE. DO NOT EDIT THIS FILE DIRECTLY.
# yarn lockfile v1


"@cspotcode/source-map-support@^0.8.0":
  version "0.8.1"
  resolved "https://registry.yarnpkg.com/@cspotcode/source-map-support/-/source-map-support-0.8.1.tgz#00629c35a688e05a88b1cda684fb9d5e73f000a1"
  integrity sha512-IchNf6dN4tHoMFIn/7OE8LWZ19Y6q/67Bmf6vnGREv8RSbBVb9LPJxEcnwrcwX6ixSvaiGoomAUvu4YSxXrVgw==
  dependencies:
    "@jridgewell/trace-mapping" "0.3.9"

"@jridgewell/resolve-uri@^3.0.3":
  version "3.1.0"
  resolved "https://registry.yarnpkg.com/@jridgewell/resolve-uri/-/resolve-uri-3.1.0.tgz#2203b118c157721addfe69d47b70465463066d78"
  integrity sha512-F2msla3tad+Mfht5cJq7LSXcdudKTWCVYUgw6pLFOOHSTtZlj6SWNYAp+AhuqLmWdBO2X5hPrLcu8cVP8fy28w==

"@jridgewell/sourcemap-codec@^1.4.10":
  version "1.4.14"
  resolved "https://registry.yarnpkg.com/@jridgewell/sourcemap-codec/-/sourcemap-codec-1.4.14.tgz#add4c98d341472a289190b424efbdb096991bb24"
  integrity sha512-XPSJHWmi394fuUuzDnGz1wiKqWfo1yXecHQMRf2l6hztTO+nPru658AyDngaBe7isIxEkRsPR3FZh+s7iVa4Uw==

"@jridgewell/trace-mapping@0.3.9":
  version "0.3.9"
  resolved "https://registry.yarnpkg.com/@jridgewell/trace-mapping/-/trace-mapping-0.3.9.tgz#6534fd5933a53ba7cbf3a17615e273a0d1273ff9"
  integrity sha512-3Belt6tdc8bPgAtbcmdtNJlirVoTmEb5e2gC94PnkwEW9jI6CAHUeoG85tjWP5WquqfavoMtMwiG4P926ZKKuQ==
  dependencies:
    "@jridgewell/resolve-uri" "^3.0.3"
    "@jridgewell/sourcemap-codec" "^1.4.10"

"@napi-rs/snappy-android-arm-eabi@7.1.1":
  version "7.1.1"
  resolved "https://registry.yarnpkg.com/@napi-rs/snappy-android-arm-eabi/-/snappy-android-arm-eabi-7.1.1.tgz#9e514082e9588da9cf569a9eece3336ba858d903"
  integrity sha512-NKd/ztuVEgQaAaNVQ5zZaCB9VV+7+uBXBHqhaE5iSapQhLc41szTlT0s68FCee75OoT3vhqdA6Jp5TrzZ2WOaw==

"@napi-rs/snappy-android-arm64@7.1.1":
  version "7.1.1"
  resolved "https://registry.yarnpkg.com/@napi-rs/snappy-android-arm64/-/snappy-android-arm64-7.1.1.tgz#ec9b7b70bd8b3a589511cd0cd903a4acf339747d"
  integrity sha512-DktruMAO0K0toTnxNHg2GWNIAPJqdvIchCsdsRaKyuEnG101qBg0mYiRCAhxHgbT6RJlOGbUPKkbA9KKRhEJUg==

"@napi-rs/snappy-darwin-arm64@7.1.1":
  version "7.1.1"
  resolved "https://registry.yarnpkg.com/@napi-rs/snappy-darwin-arm64/-/snappy-darwin-arm64-7.1.1.tgz#4b0a95783cea97daef80057d2e060b311dc376a5"
  integrity sha512-3LZyoAw3Qa5F7sCCTkSkhmGlydwUKU6L3Jl46eKHO2Ctm8Gcjxww6T7MfwlwGZ6JqAM6d1d++WLzUZPCGXVmag==

"@napi-rs/snappy-darwin-x64@7.1.1":
  version "7.1.1"
  resolved "https://registry.yarnpkg.com/@napi-rs/snappy-darwin-x64/-/snappy-darwin-x64-7.1.1.tgz#d9eb124c6169fdbc3a8389c88f1962a4dad728ff"
  integrity sha512-X1D2F67bQkPwr5iSR29/RnOrLwAkB55YO6t41toABzla3mflLDpzZcakz6FokIukykf7ey31/t73v/4pbgaBkg==

"@napi-rs/snappy-freebsd-x64@7.1.1":
  version "7.1.1"
  resolved "https://registry.yarnpkg.com/@napi-rs/snappy-freebsd-x64/-/snappy-freebsd-x64-7.1.1.tgz#bff06d3c5644d15da18dfaaad8fd33e198b3b7ef"
  integrity sha512-vSeuf+An8jFVHPAn5IbWE9hTGU9PFAaZLj/X7rKTQQtZstnDsHgWe6u4g7FHLuOdwQ8TvhcxAEpNlYIXIk4AJg==

"@napi-rs/snappy-linux-arm-gnueabihf@7.1.1":
  version "7.1.1"
  resolved "https://registry.yarnpkg.com/@napi-rs/snappy-linux-arm-gnueabihf/-/snappy-linux-arm-gnueabihf-7.1.1.tgz#f8451e9738811a62baa97661a8ef1647c34ae580"
  integrity sha512-/yyN6QsnOs3D1+jI3SfRX+gtnD86rbixdfmgxv9g40+FrDaDTLAu/3VuZIqH02qqq/xiWbDnkO+42RGxXDzTCw==

"@napi-rs/snappy-linux-arm64-gnu@7.1.1":
  version "7.1.1"
  resolved "https://registry.yarnpkg.com/@napi-rs/snappy-linux-arm64-gnu/-/snappy-linux-arm64-gnu-7.1.1.tgz#24fe19bc4dc3008316645ff52cd42771a501ee13"
  integrity sha512-StEeUCSwUoajgrBtiCQPTkHu+0Q4QlYndghGZNdbN1zJ1ny70YzPpevaFBUyjI/eJ+FN9uICKtwTPtQNSILS5g==

"@napi-rs/snappy-linux-arm64-musl@7.1.1":
  version "7.1.1"
  resolved "https://registry.yarnpkg.com/@napi-rs/snappy-linux-arm64-musl/-/snappy-linux-arm64-musl-7.1.1.tgz#0b270227725b40be81b8e3aadcf64dd520f37bc6"
  integrity sha512-jWEBRzj+lswZVYf0b5eY0fjMlBL9L9yqjmTuv2UIMjJNHPuR282LK/s3Fm9sYIXQtKkiCo5JyhmIcoghZ3v0Eg==

"@napi-rs/snappy-linux-x64-gnu@7.1.1":
  version "7.1.1"
  resolved "https://registry.yarnpkg.com/@napi-rs/snappy-linux-x64-gnu/-/snappy-linux-x64-gnu-7.1.1.tgz#a3509c8a27fa78dd548a2c1f61cae96699193822"
  integrity sha512-41DPoAUFAU9VNrj/96qKfStH2Xq88ZYIsSz8BlITDm2ScoeDGOGbmaWguCXU7I+bC2uKWTmUVMXKqk6tVY6LEg==

"@napi-rs/snappy-linux-x64-musl@7.1.1":
  version "7.1.1"
  resolved "https://registry.yarnpkg.com/@napi-rs/snappy-linux-x64-musl/-/snappy-linux-x64-musl-7.1.1.tgz#d68d9fa950b1053ad86e123cbec1ed4e5affea9d"
  integrity sha512-xR4hzFQqVq6J8Zf6XyUVtFJBaRgDyAQYUoBsCr92tZ7gI/0RlWCV6Q6JMO/wP5CSsvyFJIAtSUXXqlzIpw0GPA==

"@napi-rs/snappy-win32-arm64-msvc@7.1.1":
  version "7.1.1"
  resolved "https://registry.yarnpkg.com/@napi-rs/snappy-win32-arm64-msvc/-/snappy-win32-arm64-msvc-7.1.1.tgz#7c53b6327ca55e6a7998a1b38f11e81563ccdcfc"
  integrity sha512-2mHPadctsaYtrfSV5Na8ooTdI5rflPxP1pceY4us6vbjeWrfgB+KQCuEFOHsGXqFNfsi6L9nWH8nB9swnxnSyw==

"@napi-rs/snappy-win32-ia32-msvc@7.1.1":
  version "7.1.1"
  resolved "https://registry.yarnpkg.com/@napi-rs/snappy-win32-ia32-msvc/-/snappy-win32-ia32-msvc-7.1.1.tgz#a7b3ace9468e79fc1065309dcdbfff494eaaa6c0"
  integrity sha512-FOMgs9W71hdgjyl3T9F7b/WEIuoryfgBqsyhtHjAaa/98R0BUHl0bOoHg8ka0b5GgnhLBHkX2Yd6VD+Si9Q2ww==

"@napi-rs/snappy-win32-x64-msvc@7.1.1":
  version "7.1.1"
  resolved "https://registry.yarnpkg.com/@napi-rs/snappy-win32-x64-msvc/-/snappy-win32-x64-msvc-7.1.1.tgz#d30667e62057b8ec60a117722cc0662617330691"
  integrity sha512-Mu3yELySvzhBcNTVCq+hYxVh+lH3/KjoQ5HIEb3DDPoX0AGRTm3XZa+usq8pFWjl91Cgp9nWK+9lVSkCCIRaKA==

"@tsconfig/node10@^1.0.7":
  version "1.0.9"
  resolved "https://registry.yarnpkg.com/@tsconfig/node10/-/node10-1.0.9.tgz#df4907fc07a886922637b15e02d4cebc4c0021b2"
  integrity sha512-jNsYVVxU8v5g43Erja32laIDHXeoNvFEpX33OK4d6hljo3jDhCBDhx5dhCCTMWUojscpAagGiRkBKxpdl9fxqA==

"@tsconfig/node12@^1.0.7":
  version "1.0.11"
  resolved "https://registry.yarnpkg.com/@tsconfig/node12/-/node12-1.0.11.tgz#ee3def1f27d9ed66dac6e46a295cffb0152e058d"
  integrity sha512-cqefuRsh12pWyGsIoBKJA9luFu3mRxCA+ORZvA4ktLSzIuCUtWVxGIuXigEwO5/ywWFMZ2QEGKWvkZG1zDMTag==

"@tsconfig/node14@^1.0.0":
  version "1.0.3"
  resolved "https://registry.yarnpkg.com/@tsconfig/node14/-/node14-1.0.3.tgz#e4386316284f00b98435bf40f72f75a09dabf6c1"
  integrity sha512-ysT8mhdixWK6Hw3i1V2AeRqZ5WfXg1G43mqoYlM2nc6388Fq5jcXyr5mRsqViLx/GJYdoL0bfXD8nmF+Zn/Iow==

"@tsconfig/node16@^1.0.2":
  version "1.0.3"
  resolved "https://registry.yarnpkg.com/@tsconfig/node16/-/node16-1.0.3.tgz#472eaab5f15c1ffdd7f8628bd4c4f753995ec79e"
  integrity sha512-yOlFc+7UtL/89t2ZhjPvvB/DeAr3r+Dq58IgzsFkOAvVC6NMJXmCGjbptdXdR9qsX7pKcTL+s87FtYREi2dEEQ==

"@types/node@^18.0.4":
  version "18.0.4"
  resolved "https://registry.yarnpkg.com/@types/node/-/node-18.0.4.tgz#48aedbf35efb3af1248e4cd4d792c730290cd5d6"
  integrity sha512-M0+G6V0Y4YV8cqzHssZpaNCqvYwlCiulmm0PwpNLF55r/+cT8Ol42CHRU1SEaYFH2rTwiiE1aYg/2g2rrtGdPA==

acorn-walk@^8.1.1:
  version "8.2.0"
  resolved "https://registry.yarnpkg.com/acorn-walk/-/acorn-walk-8.2.0.tgz#741210f2e2426454508853a2f44d0ab83b7f69c1"
  integrity sha512-k+iyHEuPgSw6SbuDpGQM+06HQUa04DZ3o+F6CSzXMvvI5KMvnaEqXe+YVe555R9nn6GPt404fos4wcgpw12SDA==

acorn@^8.4.1:
  version "8.7.1"
  resolved "https://registry.yarnpkg.com/acorn/-/acorn-8.7.1.tgz#0197122c843d1bf6d0a5e83220a788f278f63c30"
  integrity sha512-Xx54uLJQZ19lKygFXOWsscKUbsBZW0CPykPhVQdhIeIwrbPmJzqeASDInc8nKBnp/JT6igTs82qPXz069H8I/A==

arg@^4.1.0:
  version "4.1.3"
  resolved "https://registry.yarnpkg.com/arg/-/arg-4.1.3.tgz#269fc7ad5b8e42cb63c896d5666017261c144089"
  integrity sha512-58S9QDqG0Xx27YwPSt9fJxivjYl432YCwfDMfZ+71RAqUrZef7LrKQZ3LHLOwCS4FLNBplP533Zx895SeOCHvA==

base64-js@^1.3.1:
  version "1.5.1"
  resolved "https://registry.yarnpkg.com/base64-js/-/base64-js-1.5.1.tgz#1b1b440160a5bf7ad40b650f095963481903930a"
  integrity sha512-AKpaYlHn8t4SVbOHCy+b5+KKgvR4vrsD8vbvrbiQJps7fKDTkjkDry6ji0rUJjC0kzbNePLwzxq8iypo41qeWA==

buffer@^5.6.0:
  version "5.7.1"
  resolved "https://registry.yarnpkg.com/buffer/-/buffer-5.7.1.tgz#ba62e7c13133053582197160851a8f648e99eed0"
  integrity sha512-EHcyIPBQ4BSGlvjB16k5KgAJ27CIsHY/2JBmCRReo48y9rQ3MaUzWX3KVlBa4U7MyX02HdVj0K7C3WaB3ju7FQ==
  dependencies:
    base64-js "^1.3.1"
    ieee754 "^1.1.13"

create-require@^1.1.0:
  version "1.1.1"
  resolved "https://registry.yarnpkg.com/create-require/-/create-require-1.1.1.tgz#c1d7e8f1e5f6cfc9ff65f9cd352d37348756c333"
  integrity sha512-dcKFX3jn0MpIaXjisoRvexIJVEKzaq7z2rZKxf+MSr9TkdmHmsU4m2lcLojrj/FHl8mk5VxMmYA+ftRkP/3oKQ==

diff@^4.0.1:
  version "4.0.2"
  resolved "https://registry.yarnpkg.com/diff/-/diff-4.0.2.tgz#60f3aecb89d5fae520c11aa19efc2bb982aade7d"
  integrity sha512-58lmxKSA4BNyLz+HHMUzlOEpg09FV+ev6ZMe3vJihgdxzgcwZ8VoEEPmALCZG9LmqfVoNMMKpttIYTVG6uDY7A==

ieee754@^1.1.13:
  version "1.2.1"
  resolved "https://registry.yarnpkg.com/ieee754/-/ieee754-1.2.1.tgz#8eb7a10a63fff25d15a57b001586d177d1b0d352"
  integrity sha512-dcyqhDvX1C46lXZcVqCpK+FtMRQVdIMN6/Df5js2zouUsqG7I6sFxitIC+7KYK29KdXOLHdu9zL4sFnoVQnqaA==

lodash@^4.17.21:
  version "4.17.21"
  resolved "https://registry.yarnpkg.com/lodash/-/lodash-4.17.21.tgz#679591c564c3bffaae8454cf0b3df370c3d6911c"
  integrity sha512-v2kDEe57lecTulaDIuNTPy3Ry4gLGJ6Z1O3vE1krgXZNrsQ+LFTGHVxVjcXPs17LhbZVGedAJv8XZ1tvj5FvSg==

make-error@^1.1.1:
  version "1.3.6"
  resolved "https://registry.yarnpkg.com/make-error/-/make-error-1.3.6.tgz#2eb2e37ea9b67c4891f684a1394799af484cf7a2"
  integrity sha512-s8UhlNe7vPKomQhC1qFelMokr/Sc3AgNbso3n74mVPA5LTZwkB9NlXf4XPamLxJE8h0gh73rM94xvwRT2CVInw==

object-sizeof@^1.6.3:
  version "1.6.3"
  resolved "https://registry.yarnpkg.com/object-sizeof/-/object-sizeof-1.6.3.tgz#6edbbf26825b971fd7a32125a800ed2a9895af95"
  integrity sha512-LGtilAKuDGKCcvu1Xg3UvAhAeJJlFmblo3faltmOQ80xrGwAHxnauIXucalKdTEksHp/Pq9tZGz1hfyEmjFJPQ==
  dependencies:
    buffer "^5.6.0"

prettier@^2.7.1:
  version "2.7.1"
  resolved "https://registry.yarnpkg.com/prettier/-/prettier-2.7.1.tgz#e235806850d057f97bb08368a4f7d899f7760c64"
  integrity sha512-ujppO+MkdPqoVINuDFDRLClm7D78qbDt0/NR+wp5FqEZOoTNAjPHWj17QRhu7geIHJfcNhRk1XVQmF8Bp3ye+g==

snappy@^7.1.1:
  version "7.1.1"
  resolved "https://registry.yarnpkg.com/snappy/-/snappy-7.1.1.tgz#7fdd52bc06bd97bd5c19e8475d3201f8129ed75d"
  integrity sha512-mL7GGPJ+WdsaFT5aR/uEqCq8cPg2VbhyifDEP7AeqIVDsAC8LBGYbZP1Qzoa2Ym84OW7JEQXqIpwqFp1EQw5BA==
  optionalDependencies:
    "@napi-rs/snappy-android-arm-eabi" "7.1.1"
    "@napi-rs/snappy-android-arm64" "7.1.1"
    "@napi-rs/snappy-darwin-arm64" "7.1.1"
    "@napi-rs/snappy-darwin-x64" "7.1.1"
    "@napi-rs/snappy-freebsd-x64" "7.1.1"
    "@napi-rs/snappy-linux-arm-gnueabihf" "7.1.1"
    "@napi-rs/snappy-linux-arm64-gnu" "7.1.1"
    "@napi-rs/snappy-linux-arm64-musl" "7.1.1"
    "@napi-rs/snappy-linux-x64-gnu" "7.1.1"
    "@napi-rs/snappy-linux-x64-musl" "7.1.1"
    "@napi-rs/snappy-win32-arm64-msvc" "7.1.1"
    "@napi-rs/snappy-win32-ia32-msvc" "7.1.1"
    "@napi-rs/snappy-win32-x64-msvc" "7.1.1"

ts-node@^10.9.1:
  version "10.9.1"
  resolved "https://registry.yarnpkg.com/ts-node/-/ts-node-10.9.1.tgz#e73de9102958af9e1f0b168a6ff320e25adcff4b"
  integrity sha512-NtVysVPkxxrwFGUUxGYhfux8k78pQB3JqYBXlLRZgdGUqTO5wU/UyHop5p70iEbGhB7q5KmiZiU0Y3KlJrScEw==
  dependencies:
    "@cspotcode/source-map-support" "^0.8.0"
    "@tsconfig/node10" "^1.0.7"
    "@tsconfig/node12" "^1.0.7"
    "@tsconfig/node14" "^1.0.0"
    "@tsconfig/node16" "^1.0.2"
    acorn "^8.4.1"
    acorn-walk "^8.1.1"
    arg "^4.1.0"
    create-require "^1.1.0"
    diff "^4.0.1"
    make-error "^1.1.1"
    v8-compile-cache-lib "^3.0.1"
    yn "3.1.1"

v8-compile-cache-lib@^3.0.1:
  version "3.0.1"
  resolved "https://registry.yarnpkg.com/v8-compile-cache-lib/-/v8-compile-cache-lib-3.0.1.tgz#6336e8d71965cb3d35a1bbb7868445a7c05264bf"
  integrity sha512-wa7YjyUGfNZngI/vtK0UHAN+lgDCxBPCylVXGp0zu59Fz5aiGtNXaq3DhIov063MorB+VfufLh3JlF2KdTK3xg==

yn@3.1.1:
  version "3.1.1"
  resolved "https://registry.yarnpkg.com/yn/-/yn-3.1.1.tgz#1e87401a09d767c1d5eab26a6e4c185182d2eb50"
  integrity sha512-Ux4ygGWsu2c7isFWe8Yu1YluJmqVhxqK2cLXNQA5AcC3QfbGNpM7fu0Y8b/z16pXLnFxZYvWhd3fhBY9DLmC6Q==
